
Microsoft Visual Studio Solution File, Format Version 12.00
# Visual Studio Version 17
VisualStudioVersion = 17.8.34408.163
MinimumVisualStudioVersion = 10.0.40219.1
Project("{2150E333-8FDC-42A3-9474-1A3956D46DE8}") = "APIs", "APIs", "{EBB8E57A-57D0-4CE9-9CBC-56E854805BFA}"
EndProject
Project("{9A19103F-16F7-4668-BE54-9A1E7A4F7556}") = "Labs.JwtAuthentication", "src\Labs.JwtAuthentication\Labs.JwtAuthentication.csproj", "{8F8EC1B7-2011-46D6-9ACD-8031508E707B}"
EndProject
Project("{2150E333-8FDC-42A3-9474-1A3956D46DE8}") = "FE", "FE", "{D18F92D4-21D1-4E26-9E1E-BE49F39D44A1}"
EndProject
Project("{2150E333-8FDC-42A3-9474-1A3956D46DE8}") = "IdentityServer", "IdentityServer", "{DEBCFECE-8D9D-4504-A62A-BBBFB6B19AD2}"
EndProject
Project("{2150E333-8FDC-42A3-9474-1A3956D46DE8}") = "lib", "lib", "{4A897EC8-415A-47DF-BB58-3B7536471135}"
EndProject
Project("{9A19103F-16F7-4668-BE54-9A1E7A4F7556}") = "APIGateway", "src\APIGateway\APIGateway.csproj", "{766CD031-759D-454B-AF8A-405DF95EDE4C}"
EndProject
Project("{9A19103F-16F7-4668-BE54-9A1E7A4F7556}") = "WeatherApi", "src\WeatherApi\WeatherApi.csproj", "{1BDDA9F6-1761-44F3-9259-A75F02155BAA}"
EndProject
Project("{9A19103F-16F7-4668-BE54-9A1E7A4F7556}") = "CategoriesAPI", "src\CategoriesAPI\CategoriesAPI.csproj", "{D4E64607-CB9D-4C70-9BBA-B3912EFE35A1}"
EndProject
Project("{9A19103F-16F7-4668-BE54-9A1E7A4F7556}") = "ProductsAPI", "src\ProductsAPI\ProductsAPI.csproj", "{C907498D-0BE6-40DB-B1AD-556573270B21}"
EndProject
Project("{9A19103F-16F7-4668-BE54-9A1E7A4F7556}") = "FE.Endpoint", "src\FE.Endpoint\FE.Endpoint.csproj", "{3BC9D12D-48CC-434B-B1C0-F23D807902E5}"
EndProject
Project("{9A19103F-16F7-4668-BE54-9A1E7A4F7556}") = "IdentityServer.EntraId", "src\IdentityServer.EntraId\IdentityServer.EntraId.csproj", "{3DD6ABC8-6784-469E-B746-D364F6FD8B07}"
EndProject
Project("{9A19103F-16F7-4668-BE54-9A1E7A4F7556}") = "OidcProxy.Net", "src\OidcProxy.Net\OidcProxy.Net.csproj", "{56C408DC-DCF8-4828-89DF-EB02BCBE8E51}"
EndProject
Project("{9A19103F-16F7-4668-BE54-9A1E7A4F7556}") = "OidcProxy.Net.EntraId", "src\OidcProxy.Net.EntraId\OidcProxy.Net.EntraId.csproj", "{95FE0C69-549A-4E38-80DA-5B4FBA40B401}"
EndProject
Project("{9A19103F-16F7-4668-BE54-9A1E7A4F7556}") = "OidcProxy.Net.OpenIdConnect", "src\OidcProxy.Net.OpenIdConnect\OidcProxy.Net.OpenIdConnect.csproj", "{BF338D66-568D-493C-A151-5416042B7DF9}"
EndProject
Global
	GlobalSection(SolutionConfigurationPlatforms) = preSolution
		Debug|Any CPU = Debug|Any CPU
		Release|Any CPU = Release|Any CPU
	EndGlobalSection
	GlobalSection(ProjectConfigurationPlatforms) = postSolution
		{8F8EC1B7-2011-46D6-9ACD-8031508E707B}.Debug|Any CPU.ActiveCfg = Debug|Any CPU
		{8F8EC1B7-2011-46D6-9ACD-8031508E707B}.Debug|Any CPU.Build.0 = Debug|Any CPU
		{8F8EC1B7-2011-46D6-9ACD-8031508E707B}.Release|Any CPU.ActiveCfg = Release|Any CPU
		{8F8EC1B7-2011-46D6-9ACD-8031508E707B}.Release|Any CPU.Build.0 = Release|Any CPU
		{766CD031-759D-454B-AF8A-405DF95EDE4C}.Debug|Any CPU.ActiveCfg = Debug|Any CPU
		{766CD031-759D-454B-AF8A-405DF95EDE4C}.Debug|Any CPU.Build.0 = Debug|Any CPU
		{766CD031-759D-454B-AF8A-405DF95EDE4C}.Release|Any CPU.ActiveCfg = Release|Any CPU
		{766CD031-759D-454B-AF8A-405DF95EDE4C}.Release|Any CPU.Build.0 = Release|Any CPU
		{1BDDA9F6-1761-44F3-9259-A75F02155BAA}.Debug|Any CPU.ActiveCfg = Debug|Any CPU
		{1BDDA9F6-1761-44F3-9259-A75F02155BAA}.Debug|Any CPU.Build.0 = Debug|Any CPU
		{1BDDA9F6-1761-44F3-9259-A75F02155BAA}.Release|Any CPU.ActiveCfg = Release|Any CPU
		{1BDDA9F6-1761-44F3-9259-A75F02155BAA}.Release|Any CPU.Build.0 = Release|Any CPU
		{D4E64607-CB9D-4C70-9BBA-B3912EFE35A1}.Debug|Any CPU.ActiveCfg = Debug|Any CPU
		{D4E64607-CB9D-4C70-9BBA-B3912EFE35A1}.Debug|Any CPU.Build.0 = Debug|Any CPU
		{D4E64607-CB9D-4C70-9BBA-B3912EFE35A1}.Release|Any CPU.ActiveCfg = Release|Any CPU
		{D4E64607-CB9D-4C70-9BBA-B3912EFE35A1}.Release|Any CPU.Build.0 = Release|Any CPU
		{C907498D-0BE6-40DB-B1AD-556573270B21}.Debug|Any CPU.ActiveCfg = Debug|Any CPU
		{C907498D-0BE6-40DB-B1AD-556573270B21}.Debug|Any CPU.Build.0 = Debug|Any CPU
		{C907498D-0BE6-40DB-B1AD-556573270B21}.Release|Any CPU.ActiveCfg = Release|Any CPU
		{C907498D-0BE6-40DB-B1AD-556573270B21}.Release|Any CPU.Build.0 = Release|Any CPU
		{3BC9D12D-48CC-434B-B1C0-F23D807902E5}.Debug|Any CPU.ActiveCfg = Debug|Any CPU
		{3BC9D12D-48CC-434B-B1C0-F23D807902E5}.Debug|Any CPU.Build.0 = Debug|Any CPU
		{3BC9D12D-48CC-434B-B1C0-F23D807902E5}.Release|Any CPU.ActiveCfg = Release|Any CPU
		{3BC9D12D-48CC-434B-B1C0-F23D807902E5}.Release|Any CPU.Build.0 = Release|Any CPU
		{3DD6ABC8-6784-469E-B746-D364F6FD8B07}.Debug|Any CPU.ActiveCfg = Debug|Any CPU
		{3DD6ABC8-6784-469E-B746-D364F6FD8B07}.Debug|Any CPU.Build.0 = Debug|Any CPU
		{3DD6ABC8-6784-469E-B746-D364F6FD8B07}.Release|Any CPU.ActiveCfg = Release|Any CPU
		{3DD6ABC8-6784-469E-B746-D364F6FD8B07}.Release|Any CPU.Build.0 = Release|Any CPU
		{56C408DC-DCF8-4828-89DF-EB02BCBE8E51}.Debug|Any CPU.ActiveCfg = Debug|Any CPU
		{56C408DC-DCF8-4828-89DF-EB02BCBE8E51}.Debug|Any CPU.Build.0 = Debug|Any CPU
		{56C408DC-DCF8-4828-89DF-EB02BCBE8E51}.Release|Any CPU.ActiveCfg = Release|Any CPU
		{56C408DC-DCF8-4828-89DF-EB02BCBE8E51}.Release|Any CPU.Build.0 = Release|Any CPU
		{95FE0C69-549A-4E38-80DA-5B4FBA40B401}.Debug|Any CPU.ActiveCfg = Debug|Any CPU
		{95FE0C69-549A-4E38-80DA-5B4FBA40B401}.Debug|Any CPU.Build.0 = Debug|Any CPU
		{95FE0C69-549A-4E38-80DA-5B4FBA40B401}.Release|Any CPU.ActiveCfg = Release|Any CPU
		{95FE0C69-549A-4E38-80DA-5B4FBA40B401}.Release|Any CPU.Build.0 = Release|Any CPU
		{BF338D66-568D-493C-A151-5416042B7DF9}.Debug|Any CPU.ActiveCfg = Debug|Any CPU
		{BF338D66-568D-493C-A151-5416042B7DF9}.Debug|Any CPU.Build.0 = Debug|Any CPU
		{BF338D66-568D-493C-A151-5416042B7DF9}.Release|Any CPU.ActiveCfg = Release|Any CPU
		{BF338D66-568D-493C-A151-5416042B7DF9}.Release|Any CPU.Build.0 = Release|Any CPU
	EndGlobalSection
	GlobalSection(SolutionProperties) = preSolution
		HideSolutionNode = FALSE
	EndGlobalSection
	GlobalSection(NestedProjects) = preSolution
		{4A897EC8-415A-47DF-BB58-3B7536471135} = {DEBCFECE-8D9D-4504-A62A-BBBFB6B19AD2}
		{1BDDA9F6-1761-44F3-9259-A75F02155BAA} = {EBB8E57A-57D0-4CE9-9CBC-56E854805BFA}
		{D4E64607-CB9D-4C70-9BBA-B3912EFE35A1} = {EBB8E57A-57D0-4CE9-9CBC-56E854805BFA}
		{C907498D-0BE6-40DB-B1AD-556573270B21} = {EBB8E57A-57D0-4CE9-9CBC-56E854805BFA}
		{3BC9D12D-48CC-434B-B1C0-F23D807902E5} = {D18F92D4-21D1-4E26-9E1E-BE49F39D44A1}
		{3DD6ABC8-6784-469E-B746-D364F6FD8B07} = {DEBCFECE-8D9D-4504-A62A-BBBFB6B19AD2}
		{56C408DC-DCF8-4828-89DF-EB02BCBE8E51} = {4A897EC8-415A-47DF-BB58-3B7536471135}
		{95FE0C69-549A-4E38-80DA-5B4FBA40B401} = {4A897EC8-415A-47DF-BB58-3B7536471135}
		{BF338D66-568D-493C-A151-5416042B7DF9} = {4A897EC8-415A-47DF-BB58-3B7536471135}
	EndGlobalSection
	GlobalSection(ExtensibilityGlobals) = postSolution
		SolutionGuid = {572F60FF-7E3B-440B-B176-F737D323E17A}
	EndGlobalSection
EndGlobal
